
Microsoft Visual Studio Solution File, Format Version 12.00
# Visual Studio Version 17
VisualStudioVersion = 17.8.34330.188
MinimumVisualStudioVersion = 10.0.40219.1
Project("{2150E333-8FDC-42A3-9474-1A3956D46DE8}") = "Services", "Services", "{44C38029-9C2D-4A20-8474-DC699773C51F}"
EndProject
Project("{2150E333-8FDC-42A3-9474-1A3956D46DE8}") = "Catalog", "Catalog", "{57234CFD-E29C-4392-B3FA-95ECDAB5E0DF}"
EndProject
Project("{9A19103F-16F7-4668-BE54-9A1E7A4F7556}") = "MultiShop.Catalog", "Services\Catalog\MultiShop.Catalog\MultiShop.Catalog.csproj", "{6F0DED69-8746-452F-93F7-58E6194BAE71}"
EndProject
Project("{2150E333-8FDC-42A3-9474-1A3956D46DE8}") = "Discount", "Discount", "{80097FB4-5ECC-46D6-8037-FA0941C6D0DD}"
EndProject
Project("{9A19103F-16F7-4668-BE54-9A1E7A4F7556}") = "MultiShop.Discount", "Services\Discount\MultiShop.Discount\MultiShop.Discount.csproj", "{F91C5D8F-021A-4F4F-A338-38C53FB59CD5}"
EndProject
Project("{2150E333-8FDC-42A3-9474-1A3956D46DE8}") = "Order", "Order", "{6D4C508E-8907-4BFC-9FCE-BC508438B3D7}"
EndProject
Project("{2150E333-8FDC-42A3-9474-1A3956D46DE8}") = "Core", "Core", "{CA3EB7CB-CE39-4181-9C8B-341C71E1528D}"
EndProject
Project("{2150E333-8FDC-42A3-9474-1A3956D46DE8}") = "Infrastructure", "Infrastructure", "{9B4959BA-1AAB-42C6-9997-4231650E642A}"
EndProject
Project("{2150E333-8FDC-42A3-9474-1A3956D46DE8}") = "Presentation", "Presentation", "{78F2D079-6581-4237-ABDB-7062651B2BB6}"
EndProject
Project("{9A19103F-16F7-4668-BE54-9A1E7A4F7556}") = "MultiShop.Order.Domain", "Services\Order\Core\MultiShop.Order.Domain\MultiShop.Order.Domain.csproj", "{2402E276-082D-40E7-863E-374743522674}"
EndProject
Project("{9A19103F-16F7-4668-BE54-9A1E7A4F7556}") = "MultiShop.Order.Application", "Services\Order\Core\MultiShop.Order.Application\MultiShop.Order.Application.csproj", "{325FB292-3D91-4795-97AE-520F5129CF48}"
EndProject
Project("{9A19103F-16F7-4668-BE54-9A1E7A4F7556}") = "MultiShop.Order.Persistence", "Services\Order\Infrastructure\MultiShop.Order.Persistence\MultiShop.Order.Persistence.csproj", "{9945ACB2-5FC1-48F9-834D-9E508ED6D794}"
EndProject
Project("{9A19103F-16F7-4668-BE54-9A1E7A4F7556}") = "MultiShop.Order.WebApi", "Services\Order\Presentation\MultiShop.Order.WebApi\MultiShop.Order.WebApi.csproj", "{E4C50810-9D83-4049-9B24-220459649B26}"
EndProject
Project("{2150E333-8FDC-42A3-9474-1A3956D46DE8}") = "IdentityServer", "IdentityServer", "{7DD8D0AA-F6A9-4307-ACD7-82F4F5D54ED0}"
EndProject
Project("{9A19103F-16F7-4668-BE54-9A1E7A4F7556}") = "MultiShop.IdentityServer", "IdentityServer\MultiShop.IdentityServer\MultiShop.IdentityServer.csproj", "{9A260680-B6B9-4322-A410-291D54081C8F}"
EndProject
Global
	GlobalSection(SolutionConfigurationPlatforms) = preSolution
		Debug|Any CPU = Debug|Any CPU
		Release|Any CPU = Release|Any CPU
	EndGlobalSection
	GlobalSection(ProjectConfigurationPlatforms) = postSolution
		{6F0DED69-8746-452F-93F7-58E6194BAE71}.Debug|Any CPU.ActiveCfg = Debug|Any CPU
		{6F0DED69-8746-452F-93F7-58E6194BAE71}.Debug|Any CPU.Build.0 = Debug|Any CPU
		{6F0DED69-8746-452F-93F7-58E6194BAE71}.Release|Any CPU.ActiveCfg = Release|Any CPU
		{6F0DED69-8746-452F-93F7-58E6194BAE71}.Release|Any CPU.Build.0 = Release|Any CPU
		{F91C5D8F-021A-4F4F-A338-38C53FB59CD5}.Debug|Any CPU.ActiveCfg = Debug|Any CPU
		{F91C5D8F-021A-4F4F-A338-38C53FB59CD5}.Debug|Any CPU.Build.0 = Debug|Any CPU
		{F91C5D8F-021A-4F4F-A338-38C53FB59CD5}.Release|Any CPU.ActiveCfg = Release|Any CPU
		{F91C5D8F-021A-4F4F-A338-38C53FB59CD5}.Release|Any CPU.Build.0 = Release|Any CPU
		{2402E276-082D-40E7-863E-374743522674}.Debug|Any CPU.ActiveCfg = Debug|Any CPU
		{2402E276-082D-40E7-863E-374743522674}.Debug|Any CPU.Build.0 = Debug|Any CPU
		{2402E276-082D-40E7-863E-374743522674}.Release|Any CPU.ActiveCfg = Release|Any CPU
		{2402E276-082D-40E7-863E-374743522674}.Release|Any CPU.Build.0 = Release|Any CPU
		{325FB292-3D91-4795-97AE-520F5129CF48}.Debug|Any CPU.ActiveCfg = Debug|Any CPU
		{325FB292-3D91-4795-97AE-520F5129CF48}.Debug|Any CPU.Build.0 = Debug|Any CPU
		{325FB292-3D91-4795-97AE-520F5129CF48}.Release|Any CPU.ActiveCfg = Release|Any CPU
		{325FB292-3D91-4795-97AE-520F5129CF48}.Release|Any CPU.Build.0 = Release|Any CPU
		{9945ACB2-5FC1-48F9-834D-9E508ED6D794}.Debug|Any CPU.ActiveCfg = Debug|Any CPU
		{9945ACB2-5FC1-48F9-834D-9E508ED6D794}.Debug|Any CPU.Build.0 = Debug|Any CPU
		{9945ACB2-5FC1-48F9-834D-9E508ED6D794}.Release|Any CPU.ActiveCfg = Release|Any CPU
		{9945ACB2-5FC1-48F9-834D-9E508ED6D794}.Release|Any CPU.Build.0 = Release|Any CPU
		{E4C50810-9D83-4049-9B24-220459649B26}.Debug|Any CPU.ActiveCfg = Debug|Any CPU
		{E4C50810-9D83-4049-9B24-220459649B26}.Debug|Any CPU.Build.0 = Debug|Any CPU
		{E4C50810-9D83-4049-9B24-220459649B26}.Release|Any CPU.ActiveCfg = Release|Any CPU
		{E4C50810-9D83-4049-9B24-220459649B26}.Release|Any CPU.Build.0 = Release|Any CPU
		{9A260680-B6B9-4322-A410-291D54081C8F}.Debug|Any CPU.ActiveCfg = Debug|Any CPU
		{9A260680-B6B9-4322-A410-291D54081C8F}.Debug|Any CPU.Build.0 = Debug|Any CPU
		{9A260680-B6B9-4322-A410-291D54081C8F}.Release|Any CPU.ActiveCfg = Release|Any CPU
		{9A260680-B6B9-4322-A410-291D54081C8F}.Release|Any CPU.Build.0 = Release|Any CPU
	EndGlobalSection
	GlobalSection(SolutionProperties) = preSolution
		HideSolutionNode = FALSE
	EndGlobalSection
	GlobalSection(NestedProjects) = preSolution
		{57234CFD-E29C-4392-B3FA-95ECDAB5E0DF} = {44C38029-9C2D-4A20-8474-DC699773C51F}
		{6F0DED69-8746-452F-93F7-58E6194BAE71} = {57234CFD-E29C-4392-B3FA-95ECDAB5E0DF}
		{80097FB4-5ECC-46D6-8037-FA0941C6D0DD} = {44C38029-9C2D-4A20-8474-DC699773C51F}
		{F91C5D8F-021A-4F4F-A338-38C53FB59CD5} = {80097FB4-5ECC-46D6-8037-FA0941C6D0DD}
		{6D4C508E-8907-4BFC-9FCE-BC508438B3D7} = {44C38029-9C2D-4A20-8474-DC699773C51F}
		{CA3EB7CB-CE39-4181-9C8B-341C71E1528D} = {6D4C508E-8907-4BFC-9FCE-BC508438B3D7}
		{9B4959BA-1AAB-42C6-9997-4231650E642A} = {6D4C508E-8907-4BFC-9FCE-BC508438B3D7}
		{78F2D079-6581-4237-ABDB-7062651B2BB6} = {6D4C508E-8907-4BFC-9FCE-BC508438B3D7}
		{2402E276-082D-40E7-863E-374743522674} = {CA3EB7CB-CE39-4181-9C8B-341C71E1528D}
		{325FB292-3D91-4795-97AE-520F5129CF48} = {CA3EB7CB-CE39-4181-9C8B-341C71E1528D}
		{9945ACB2-5FC1-48F9-834D-9E508ED6D794} = {9B4959BA-1AAB-42C6-9997-4231650E642A}
		{E4C50810-9D83-4049-9B24-220459649B26} = {78F2D079-6581-4237-ABDB-7062651B2BB6}
		{9A260680-B6B9-4322-A410-291D54081C8F} = {7DD8D0AA-F6A9-4307-ACD7-82F4F5D54ED0}
	EndGlobalSection
	GlobalSection(ExtensibilityGlobals) = postSolution
		SolutionGuid = {20BA30D5-8D52-4269-A4AA-16E11B28799B}
	EndGlobalSection
EndGlobal
